
Microsoft Visual Studio Solution File, Format Version 12.00
Project("{FAE04EC0-301F-11D3-BF4B-00C04F79EFBC}") = "SftEngGP", "Software-Engineering-Group-Project\SftEngGP.csproj", "{12734C10-AA51-41B9-BEFE-138116B026EF}"
EndProject
Global
	GlobalSection(SolutionConfigurationPlatforms) = preSolution
		Debug|Any CPU = Debug|Any CPU
		Release|Any CPU = Release|Any CPU
	EndGlobalSection
	GlobalSection(ProjectConfigurationPlatforms) = postSolution
		{12734C10-AA51-41B9-BEFE-138116B026EF}.Debug|Any CPU.ActiveCfg = Debug|Any CPU
		{12734C10-AA51-41B9-BEFE-138116B026EF}.Debug|Any CPU.Build.0 = Debug|Any CPU
		{12734C10-AA51-41B9-BEFE-138116B026EF}.Release|Any CPU.ActiveCfg = Release|Any CPU
		{12734C10-AA51-41B9-BEFE-138116B026EF}.Release|Any CPU.Build.0 = Release|Any CPU
	EndGlobalSection
EndGlobal
