
Microsoft Visual Studio Solution File, Format Version 12.00
Project("{FAE04EC0-301F-11D3-BF4B-00C04F79EFBC}") = "SftEngGP", "Software-Engineering-Group-Project\SftEngGP.csproj", "{12734C10-AA51-41B9-BEFE-138116B026EF}"
EndProject
Project("{FAE04EC0-301F-11D3-BF4B-00C04F79EFBC}") = "SftEngGP.Database", "SftEngGP.Database\SftEngGP.Database.csproj", "{86E5B9A0-288C-4908-9CAC-68758CEEC641}"
EndProject
Project("{FAE04EC0-301F-11D3-BF4B-00C04F79EFBC}") = "SftEngGP.Migrations", "SftEngGP.Migrations\SftEngGP.Migrations.csproj", "{4379CF00-FCBE-4DC1-BBEF-975EB33319E0}"
EndProject
Global
	GlobalSection(SolutionConfigurationPlatforms) = preSolution
		Debug|Any CPU = Debug|Any CPU
		Release|Any CPU = Release|Any CPU
	EndGlobalSection
	GlobalSection(ProjectConfigurationPlatforms) = postSolution
		{12734C10-AA51-41B9-BEFE-138116B026EF}.Debug|Any CPU.ActiveCfg = Debug|Any CPU
		{12734C10-AA51-41B9-BEFE-138116B026EF}.Debug|Any CPU.Build.0 = Debug|Any CPU
		{12734C10-AA51-41B9-BEFE-138116B026EF}.Release|Any CPU.ActiveCfg = Release|Any CPU
		{12734C10-AA51-41B9-BEFE-138116B026EF}.Release|Any CPU.Build.0 = Release|Any CPU
		{86E5B9A0-288C-4908-9CAC-68758CEEC641}.Debug|Any CPU.ActiveCfg = Debug|Any CPU
		{86E5B9A0-288C-4908-9CAC-68758CEEC641}.Debug|Any CPU.Build.0 = Debug|Any CPU
		{86E5B9A0-288C-4908-9CAC-68758CEEC641}.Release|Any CPU.ActiveCfg = Release|Any CPU
		{86E5B9A0-288C-4908-9CAC-68758CEEC641}.Release|Any CPU.Build.0 = Release|Any CPU
		{4379CF00-FCBE-4DC1-BBEF-975EB33319E0}.Debug|Any CPU.ActiveCfg = Debug|Any CPU
		{4379CF00-FCBE-4DC1-BBEF-975EB33319E0}.Debug|Any CPU.Build.0 = Debug|Any CPU
		{4379CF00-FCBE-4DC1-BBEF-975EB33319E0}.Release|Any CPU.ActiveCfg = Release|Any CPU
		{4379CF00-FCBE-4DC1-BBEF-975EB33319E0}.Release|Any CPU.Build.0 = Release|Any CPU
	EndGlobalSection
EndGlobal
